
Microsoft Visual Studio Solution File, Format Version 12.00
# Visual Studio 16
Project("{FAE04EC0-301F-11D3-BF4B-00C04F79EFBC}") = "Assembly-CSharp", "Assembly-CSharp.csproj", "{2F3BAFEC-D5F6-56B7-4695-41367C21E5E9}"
EndProject
Project("{FAE04EC0-301F-11D3-BF4B-00C04F79EFBC}") = "Assembly-CSharp-firstpass", "Assembly-CSharp-firstpass.csproj", "{1697F8D6-83A2-70C1-BA19-128FA95BC285}"
EndProject
Project("{FAE04EC0-301F-11D3-BF4B-00C04F79EFBC}") = "Assembly-CSharp-Editor", "Assembly-CSharp-Editor.csproj", "{7BDA5FCA-7BB4-B2D3-4AF4-66091929059B}"
EndProject
Project("{FAE04EC0-301F-11D3-BF4B-00C04F79EFBC}") = "Assembly-CSharp-Editor-firstpass", "Assembly-CSharp-Editor-firstpass.csproj", "{EB404485-A189-2003-6024-E9B37BD0FAE4}"
EndProject
Global
	GlobalSection(SolutionConfigurationPlatforms) = preSolution
		Debug|Any CPU = Debug|Any CPU
		Release|Any CPU = Release|Any CPU
	EndGlobalSection
	GlobalSection(ProjectConfigurationPlatforms) = postSolution
		{2F3BAFEC-D5F6-56B7-4695-41367C21E5E9}.Debug|Any CPU.ActiveCfg = Debug|Any CPU
		{2F3BAFEC-D5F6-56B7-4695-41367C21E5E9}.Debug|Any CPU.Build.0 = Debug|Any CPU
		{2F3BAFEC-D5F6-56B7-4695-41367C21E5E9}.Release|Any CPU.ActiveCfg = Release|Any CPU
		{2F3BAFEC-D5F6-56B7-4695-41367C21E5E9}.Release|Any CPU.Build.0 = Release|Any CPU
		{1697F8D6-83A2-70C1-BA19-128FA95BC285}.Debug|Any CPU.ActiveCfg = Debug|Any CPU
		{1697F8D6-83A2-70C1-BA19-128FA95BC285}.Debug|Any CPU.Build.0 = Debug|Any CPU
		{1697F8D6-83A2-70C1-BA19-128FA95BC285}.Release|Any CPU.ActiveCfg = Release|Any CPU
		{1697F8D6-83A2-70C1-BA19-128FA95BC285}.Release|Any CPU.Build.0 = Release|Any CPU
		{7BDA5FCA-7BB4-B2D3-4AF4-66091929059B}.Debug|Any CPU.ActiveCfg = Debug|Any CPU
		{7BDA5FCA-7BB4-B2D3-4AF4-66091929059B}.Debug|Any CPU.Build.0 = Debug|Any CPU
		{7BDA5FCA-7BB4-B2D3-4AF4-66091929059B}.Release|Any CPU.ActiveCfg = Release|Any CPU
		{7BDA5FCA-7BB4-B2D3-4AF4-66091929059B}.Release|Any CPU.Build.0 = Release|Any CPU
		{EB404485-A189-2003-6024-E9B37BD0FAE4}.Debug|Any CPU.ActiveCfg = Debug|Any CPU
		{EB404485-A189-2003-6024-E9B37BD0FAE4}.Debug|Any CPU.Build.0 = Debug|Any CPU
		{EB404485-A189-2003-6024-E9B37BD0FAE4}.Release|Any CPU.ActiveCfg = Release|Any CPU
		{EB404485-A189-2003-6024-E9B37BD0FAE4}.Release|Any CPU.Build.0 = Release|Any CPU
	EndGlobalSection
	GlobalSection(SolutionProperties) = preSolution
		HideSolutionNode = FALSE
	EndGlobalSection
	GlobalSection(MonoDevelopProperties) = preSolution
		StartupItem = Assembly-CSharp.csproj
	EndGlobalSection
EndGlobal
